
Microsoft Visual Studio Solution File, Format Version 12.00
# Visual Studio Version 16
VisualStudioVersion = 16.0.31613.86
MinimumVisualStudioVersion = 10.0.40219.1
Project("{9A19103F-16F7-4668-BE54-9A1E7A4F7556}") = "Color-Tool", "Color-Tool.csproj", "{B3422D12-FA29-4C9A-9550-0B702DD2DF4B}"
EndProject
Global
	GlobalSection(SolutionConfigurationPlatforms) = preSolution
		Debug|Any CPU = Debug|Any CPU
		Release|Any CPU = Release|Any CPU
	EndGlobalSection
	GlobalSection(ProjectConfigurationPlatforms) = postSolution
		{B3422D12-FA29-4C9A-9550-0B702DD2DF4B}.Debug|Any CPU.ActiveCfg = Debug|Any CPU
		{B3422D12-FA29-4C9A-9550-0B702DD2DF4B}.Debug|Any CPU.Build.0 = Debug|Any CPU
		{B3422D12-FA29-4C9A-9550-0B702DD2DF4B}.Release|Any CPU.ActiveCfg = Release|Any CPU
		{B3422D12-FA29-4C9A-9550-0B702DD2DF4B}.Release|Any CPU.Build.0 = Release|Any CPU
	EndGlobalSection
	GlobalSection(SolutionProperties) = preSolution
		HideSolutionNode = FALSE
	EndGlobalSection
	GlobalSection(ExtensibilityGlobals) = postSolution
		SolutionGuid = {2E85D289-FB0A-4852-B8D1-D800F6CBF527}
	EndGlobalSection
EndGlobal
